# auto-generated by grc.converter

id: uaslink_pdu_vector_to_pdu_control
label: pdu_vector_to_pdu_control
category: '[uaslink]'

inputs:
-   domain: message
    id: Vector_IN
    optional: true

outputs:
-   domain: message
    id: Control_OUT
    optional: true

templates:
    imports: import uaslink
    make: uaslink.pdu_vector_to_pdu_control()

file_format: 1
