# auto-generated by grc.converter

id: uaslink_burst_verification
label: burst_verification
category: '[uaslink]'

inputs:
-   domain: message
    id: PDU_IN
    optional: true

outputs:
-   domain: message
    id: Control_OUT
    optional: true

templates:
    imports: import uaslink
    make: uaslink.burst_verification()

file_format: 1
