# auto-generated by grc.converter

id: uaslink_pymavlink_source_p
label: pymavlink_source_p
category: '[uaslink]'

parameters:
-   id: baud_rate
    label: Baud Rate
    dtype: int
    default: '57600'
-   id: connection_string
    label: Connection String
    dtype: string

outputs:
-   domain: message
    id: MAVLink
    optional: true

templates:
    imports: import uaslink
    make: uaslink.pymavlink_source_p(${connection_string}, ${baud_rate})

file_format: 1
