# auto-generated by grc.converter

id: uaslink_pdu_control_to_pdu_vector
label: pdu_control_to_pdu_vector
category: '[uaslink]'

inputs:
-   domain: message
    id: Control_IN
    optional: true

outputs:
-   domain: message
    id: Vector_OUT
    optional: true

templates:
    imports: import uaslink
    make: uaslink.pdu_control_to_pdu_vector()

file_format: 1
