# auto-generated by grc.converter

id: uaslink_pymavlink_source_sink_pp
label: pymavlink_source_sink_pp
category: '[uaslink]'

parameters:
-   id: connection_string
    label: Connection String
    dtype: string
-   id: baud_rate
    label: Baud Rate
    dtype: int
    default: '57600'

inputs:
-   domain: message
    id: MAVLink_IN
    optional: true

outputs:
-   domain: message
    id: MAVLink_OUT
    optional: true

templates:
    imports: import uaslink
    make: uaslink.pymavlink_source_sink_pp(${connection_string},${baud_rate})

file_format: 1
