# auto-generated by grc.converter

id: uaslink_mavlink_control
label: mavlink_control
category: '[uaslink]'

parameters:
-   id: connection_string
    label: Connection String
    dtype: string
-   id: baud_rate
    label: Baud Rate
    dtype: int
    default: '57600'

inputs:
-   domain: message
    id: MAVLink_IN
    optional: true
-   domain: message
    id: Command
    optional: true

outputs:
-   domain: message
    id: MAVLink_OUT
    optional: true

templates:
    imports: import uaslink
    make: uaslink.mavlink_control(${connection_string}, ${baud_rate})

file_format: 1
